// !$*UTF8*$!
{
	archiveVersion = 1;
	classes = {
	};
	objectVersion = 48;
	objects = {

/* Begin PBXBuildFile section */
		34333E3F1FD97C8B00C2BB23 /* Reachability.m in Sources */ = {isa = PBXBuildFile; fileRef = 34333E3D1FD97C8B00C2BB23 /* Reachability.m */; };
		34412D0D1FDA2E7400A35D91 /* History.swift in Sources */ = {isa = PBXBuildFile; fileRef = 34412D0C1FDA2E7400A35D91 /* History.swift */; };
		346964501FD89B62000B8EF0 /* AppDelegate.swift in Sources */ = {isa = PBXBuildFile; fileRef = 3469644F1FD89B62000B8EF0 /* AppDelegate.swift */; };
		346964521FD89B62000B8EF0 /* ChatRoomViewController.swift in Sources */ = {isa = PBXBuildFile; fileRef = 346964511FD89B62000B8EF0 /* ChatRoomViewController.swift */; };
		346964551FD89B63000B8EF0 /* Main.storyboard in Resources */ = {isa = PBXBuildFile; fileRef = 346964531FD89B62000B8EF0 /* Main.storyboard */; };
		346964571FD89B63000B8EF0 /* Assets.xcassets in Resources */ = {isa = PBXBuildFile; fileRef = 346964561FD89B63000B8EF0 /* Assets.xcassets */; };
		3469645A1FD89B63000B8EF0 /* LaunchScreen.storyboard in Resources */ = {isa = PBXBuildFile; fileRef = 346964581FD89B63000B8EF0 /* LaunchScreen.storyboard */; };
		346964621FD8A072000B8EF0 /* Utility.swift in Sources */ = {isa = PBXBuildFile; fileRef = 346964611FD8A072000B8EF0 /* Utility.swift */; };
		3479F41E1FDC522C00B2DD96 /* eraser_icon.png in Resources */ = {isa = PBXBuildFile; fileRef = 3479F41D1FDC522C00B2DD96 /* eraser_icon.png */; };
		34A433421FD8B718003DAA90 /* Message.swift in Sources */ = {isa = PBXBuildFile; fileRef = 34A433411FD8B718003DAA90 /* Message.swift */; };
		34D600D51FD8D85F006C68B4 /* ChatRoom.swift in Sources */ = {isa = PBXBuildFile; fileRef = 34D600D41FD8D85F006C68B4 /* ChatRoom.swift */; };
		34DD65101FDC25E500334E43 /* icon.png in Resources */ = {isa = PBXBuildFile; fileRef = 34DD650F1FDC25E400334E43 /* icon.png */; };
/* End PBXBuildFile section */

/* Begin PBXFileReference section */
		34333E3C1FD97C8A00C2BB23 /* MyChat-Bridging-Header.h */ = {isa = PBXFileReference; lastKnownFileType = sourcecode.c.h; path = "MyChat-Bridging-Header.h"; sourceTree = "<group>"; };
		34333E3D1FD97C8B00C2BB23 /* Reachability.m */ = {isa = PBXFileReference; fileEncoding = 4; lastKnownFileType = sourcecode.c.objc; path = Reachability.m; sourceTree = "<group>"; };
		34333E3E1FD97C8B00C2BB23 /* Reachability.h */ = {isa = PBXFileReference; fileEncoding = 4; lastKnownFileType = sourcecode.c.h; path = Reachability.h; sourceTree = "<group>"; };
		34412D0C1FDA2E7400A35D91 /* History.swift */ = {isa = PBXFileReference; lastKnownFileType = sourcecode.swift; path = History.swift; sourceTree = "<group>"; };
		3469644C1FD89B62000B8EF0 /* ChatRoom.app */ = {isa = PBXFileReference; explicitFileType = wrapper.application; includeInIndex = 0; path = ChatRoom.app; sourceTree = BUILT_PRODUCTS_DIR; };
		3469644F1FD89B62000B8EF0 /* AppDelegate.swift */ = {isa = PBXFileReference; lastKnownFileType = sourcecode.swift; path = AppDelegate.swift; sourceTree = "<group>"; };
		346964511FD89B62000B8EF0 /* ChatRoomViewController.swift */ = {isa = PBXFileReference; lastKnownFileType = sourcecode.swift; path = ChatRoomViewController.swift; sourceTree = "<group>"; };
		346964541FD89B62000B8EF0 /* Base */ = {isa = PBXFileReference; lastKnownFileType = file.storyboard; name = Base; path = Base.lproj/Main.storyboard; sourceTree = "<group>"; };
		346964561FD89B63000B8EF0 /* Assets.xcassets */ = {isa = PBXFileReference; lastKnownFileType = folder.assetcatalog; path = Assets.xcassets; sourceTree = "<group>"; };
		346964591FD89B63000B8EF0 /* Base */ = {isa = PBXFileReference; lastKnownFileType = file.storyboard; name = Base; path = Base.lproj/LaunchScreen.storyboard; sourceTree = "<group>"; };
		3469645B1FD89B63000B8EF0 /* Info.plist */ = {isa = PBXFileReference; lastKnownFileType = text.plist.xml; path = Info.plist; sourceTree = "<group>"; };
		346964611FD8A072000B8EF0 /* Utility.swift */ = {isa = PBXFileReference; lastKnownFileType = sourcecode.swift; path = Utility.swift; sourceTree = "<group>"; };
		3479F41D1FDC522C00B2DD96 /* eraser_icon.png */ = {isa = PBXFileReference; lastKnownFileType = image.png; path = eraser_icon.png; sourceTree = "<group>"; };
		34A433411FD8B718003DAA90 /* Message.swift */ = {isa = PBXFileReference; lastKnownFileType = sourcecode.swift; path = Message.swift; sourceTree = "<group>"; };
		34D600D41FD8D85F006C68B4 /* ChatRoom.swift */ = {isa = PBXFileReference; fileEncoding = 4; lastKnownFileType = sourcecode.swift; path = ChatRoom.swift; sourceTree = "<group>"; };
		34DD650F1FDC25E400334E43 /* icon.png */ = {isa = PBXFileReference; lastKnownFileType = image.png; path = icon.png; sourceTree = "<group>"; };
/* End PBXFileReference section */

/* Begin PBXFrameworksBuildPhase section */
		346964491FD89B62000B8EF0 /* Frameworks */ = {
			isa = PBXFrameworksBuildPhase;
			buildActionMask = 2147483647;
			files = (
			);
			runOnlyForDeploymentPostprocessing = 0;
		};
/* End PBXFrameworksBuildPhase section */

/* Begin PBXGroup section */
		346964431FD89B62000B8EF0 = {
			isa = PBXGroup;
			children = (
				3469644E1FD89B62000B8EF0 /* ChatRoom */,
				3469644D1FD89B62000B8EF0 /* Products */,
			);
			sourceTree = "<group>";
		};
		3469644D1FD89B62000B8EF0 /* Products */ = {
			isa = PBXGroup;
			children = (
				3469644C1FD89B62000B8EF0 /* ChatRoom.app */,
			);
			name = Products;
			sourceTree = "<group>";
		};
		3469644E1FD89B62000B8EF0 /* ChatRoom */ = {
			isa = PBXGroup;
			children = (
				3469644F1FD89B62000B8EF0 /* AppDelegate.swift */,
				346964511FD89B62000B8EF0 /* ChatRoomViewController.swift */,
				34D600D41FD8D85F006C68B4 /* ChatRoom.swift */,
				346964611FD8A072000B8EF0 /* Utility.swift */,
				34333E3E1FD97C8B00C2BB23 /* Reachability.h */,
				34333E3D1FD97C8B00C2BB23 /* Reachability.m */,
				34A433411FD8B718003DAA90 /* Message.swift */,
				34412D0C1FDA2E7400A35D91 /* History.swift */,
				34DD650F1FDC25E400334E43 /* icon.png */,
				3479F41D1FDC522C00B2DD96 /* eraser_icon.png */,
				346964531FD89B62000B8EF0 /* Main.storyboard */,
				346964561FD89B63000B8EF0 /* Assets.xcassets */,
				346964581FD89B63000B8EF0 /* LaunchScreen.storyboard */,
				3469645B1FD89B63000B8EF0 /* Info.plist */,
				34333E3C1FD97C8A00C2BB23 /* MyChat-Bridging-Header.h */,
			);
			path = ChatRoom;
			sourceTree = "<group>";
		};
/* End PBXGroup section */

/* Begin PBXNativeTarget section */
		3469644B1FD89B62000B8EF0 /* MyChat */ = {
			isa = PBXNativeTarget;
			buildConfigurationList = 3469645E1FD89B63000B8EF0 /* Build configuration list for PBXNativeTarget "MyChat" */;
			buildPhases = (
				346964481FD89B62000B8EF0 /* Sources */,
				346964491FD89B62000B8EF0 /* Frameworks */,
				3469644A1FD89B62000B8EF0 /* Resources */,
			);
			buildRules = (
			);
			dependencies = (
			);
			name = MyChat;
			productName = MyChat;
			productReference = 3469644C1FD89B62000B8EF0 /* ChatRoom.app */;
			productType = "com.apple.product-type.application";
		};
/* End PBXNativeTarget section */

/* Begin PBXProject section */
		346964441FD89B62000B8EF0 /* Project object */ = {
			isa = PBXProject;
			attributes = {
				LastSwiftUpdateCheck = 0920;
				LastUpgradeCheck = 0920;
				ORGANIZATIONNAME = "Matthew Lintlop";
				TargetAttributes = {
					3469644B1FD89B62000B8EF0 = {
						CreatedOnToolsVersion = 9.2;
						LastSwiftMigration = 0920;
						ProvisioningStyle = Automatic;
					};
				};
			};
			buildConfigurationList = 346964471FD89B62000B8EF0 /* Build configuration list for PBXProject "ChatRoom" */;
			compatibilityVersion = "Xcode 8.0";
			developmentRegion = en;
			hasScannedForEncodings = 0;
			knownRegions = (
				en,
				Base,
			);
			mainGroup = 346964431FD89B62000B8EF0;
			productRefGroup = 3469644D1FD89B62000B8EF0 /* Products */;
			projectDirPath = "";
			projectRoot = "";
			targets = (
				3469644B1FD89B62000B8EF0 /* MyChat */,
			);
		};
/* End PBXProject section */

/* Begin PBXResourcesBuildPhase section */
		3469644A1FD89B62000B8EF0 /* Resources */ = {
			isa = PBXResourcesBuildPhase;
			buildActionMask = 2147483647;
			files = (
				34DD65101FDC25E500334E43 /* icon.png in Resources */,
				3469645A1FD89B63000B8EF0 /* LaunchScreen.storyboard in Resources */,
				346964571FD89B63000B8EF0 /* Assets.xcassets in Resources */,
				3479F41E1FDC522C00B2DD96 /* eraser_icon.png in Resources */,
				346964551FD89B63000B8EF0 /* Main.storyboard in Resources */,
			);
			runOnlyForDeploymentPostprocessing = 0;
		};
/* End PBXResourcesBuildPhase section */

/* Begin PBXSourcesBuildPhase section */
		346964481FD89B62000B8EF0 /* Sources */ = {
			isa = PBXSourcesBuildPhase;
			buildActionMask = 2147483647;
			files = (
				346964521FD89B62000B8EF0 /* ChatRoomViewController.swift in Sources */,
				34A433421FD8B718003DAA90 /* Message.swift in Sources */,
				34412D0D1FDA2E7400A35D91 /* History.swift in Sources */,
				346964501FD89B62000B8EF0 /* AppDelegate.swift in Sources */,
				34D600D51FD8D85F006C68B4 /* ChatRoom.swift in Sources */,
				34333E3F1FD97C8B00C2BB23 /* Reachability.m in Sources */,
				346964621FD8A072000B8EF0 /* Utility.swift in Sources */,
			);
			runOnlyForDeploymentPostprocessing = 0;
		};
/* End PBXSourcesBuildPhase section */

/* Begin PBXVariantGroup section */
		346964531FD89B62000B8EF0 /* Main.storyboard */ = {
			isa = PBXVariantGroup;
			children = (
				346964541FD89B62000B8EF0 /* Base */,
			);
			name = Main.storyboard;
			sourceTree = "<group>";
		};
		346964581FD89B63000B8EF0 /* LaunchScreen.storyboard */ = {
			isa = PBXVariantGroup;
			children = (
				346964591FD89B63000B8EF0 /* Base */,
			);
			name = LaunchScreen.storyboard;
			sourceTree = "<group>";
		};
/* End PBXVariantGroup section */

/* Begin XCBuildConfiguration section */
		3469645C1FD89B63000B8EF0 /* Debug */ = {
			isa = XCBuildConfiguration;
			buildSettings = {
				ALWAYS_SEARCH_USER_PATHS = NO;
				CLANG_ANALYZER_NONNULL = YES;
				CLANG_ANALYZER_NUMBER_OBJECT_CONVERSION = YES_AGGRESSIVE;
				CLANG_CXX_LANGUAGE_STANDARD = "gnu++14";
				CLANG_CXX_LIBRARY = "libc++";
				CLANG_ENABLE_MODULES = YES;
				CLANG_ENABLE_OBJC_ARC = YES;
				CLANG_WARN_BLOCK_CAPTURE_AUTORELEASING = YES;
				CLANG_WARN_BOOL_CONVERSION = YES;
				CLANG_WARN_COMMA = YES;
				CLANG_WARN_CONSTANT_CONVERSION = YES;
				CLANG_WARN_DIRECT_OBJC_ISA_USAGE = YES_ERROR;
				CLANG_WARN_DOCUMENTATION_COMMENTS = YES;
				CLANG_WARN_EMPTY_BODY = YES;
				CLANG_WARN_ENUM_CONVERSION = YES;
				CLANG_WARN_INFINITE_RECURSION = YES;
				CLANG_WARN_INT_CONVERSION = YES;
				CLANG_WARN_NON_LITERAL_NULL_CONVERSION = YES;
				CLANG_WARN_OBJC_LITERAL_CONVERSION = YES;
				CLANG_WARN_OBJC_ROOT_CLASS = YES_ERROR;
				CLANG_WARN_RANGE_LOOP_ANALYSIS = YES;
				CLANG_WARN_STRICT_PROTOTYPES = YES;
				CLANG_WARN_SUSPICIOUS_MOVE = YES;
				CLANG_WARN_UNGUARDED_AVAILABILITY = YES_AGGRESSIVE;
				CLANG_WARN_UNREACHABLE_CODE = YES;
				CLANG_WARN__DUPLICATE_METHOD_MATCH = YES;
				CODE_SIGN_IDENTITY = "iPhone Developer";
				COPY_PHASE_STRIP = NO;
				DEBUG_INFORMATION_FORMAT = dwarf;
				ENABLE_STRICT_OBJC_MSGSEND = YES;
				ENABLE_TESTABILITY = YES;
				GCC_C_LANGUAGE_STANDARD = gnu11;
				GCC_DYNAMIC_NO_PIC = NO;
				GCC_NO_COMMON_BLOCKS = YES;
				GCC_OPTIMIZATION_LEVEL = 0;
				GCC_PREPROCESSOR_DEFINITIONS = (
					"DEBUG=1",
					"$(inherited)",
				);
				GCC_WARN_64_TO_32_BIT_CONVERSION = YES;
				GCC_WARN_ABOUT_RETURN_TYPE = YES_ERROR;
				GCC_WARN_UNDECLARED_SELECTOR = YES;
				GCC_WARN_UNINITIALIZED_AUTOS = YES_AGGRESSIVE;
				GCC_WARN_UNUSED_FUNCTION = YES;
				GCC_WARN_UNUSED_VARIABLE = YES;
				IPHONEOS_DEPLOYMENT_TARGET = 11.2;
				MTL_ENABLE_DEBUG_INFO = YES;
				ONLY_ACTIVE_ARCH = YES;
				SDKROOT = iphoneos;
				SWIFT_ACTIVE_COMPILATION_CONDITIONS = DEBUG;
				SWIFT_OPTIMIZATION_LEVEL = "-Onone";
			};
			name = Debug;
		};
		3469645D1FD89B63000B8EF0 /* Release */ = {
			isa = XCBuildConfiguration;
			buildSettings = {
				ALWAYS_SEARCH_USER_PATHS = NO;
				CLANG_ANALYZER_NONNULL = YES;
				CLANG_ANALYZER_NUMBER_OBJECT_CONVERSION = YES_AGGRESSIVE;
				CLANG_CXX_LANGUAGE_STANDARD = "gnu++14";
				CLANG_CXX_LIBRARY = "libc++";
				CLANG_ENABLE_MODULES = YES;
				CLANG_ENABLE_OBJC_ARC = YES;
				CLANG_WARN_BLOCK_CAPTURE_AUTORELEASING = YES;
				CLANG_WARN_BOOL_CONVERSION = YES;
				CLANG_WARN_COMMA = YES;
				CLANG_WARN_CONSTANT_CONVERSION = YES;
				CLANG_WARN_DIRECT_OBJC_ISA_USAGE = YES_ERROR;
				CLANG_WARN_DOCUMENTATION_COMMENTS = YES;
				CLANG_WARN_EMPTY_BODY = YES;
				CLANG_WARN_ENUM_CONVERSION = YES;
				CLANG_WARN_INFINITE_RECURSION = YES;
				CLANG_WARN_INT_CONVERSION = YES;
				CLANG_WARN_NON_LITERAL_NULL_CONVERSION = YES;
				CLANG_WARN_OBJC_LITERAL_CONVERSION = YES;
				CLANG_WARN_OBJC_ROOT_CLASS = YES_ERROR;
				CLANG_WARN_RANGE_LOOP_ANALYSIS = YES;
				CLANG_WARN_STRICT_PROTOTYPES = YES;
				CLANG_WARN_SUSPICIOUS_MOVE = YES;
				CLANG_WARN_UNGUARDED_AVAILABILITY = YES_AGGRESSIVE;
				CLANG_WARN_UNREACHABLE_CODE = YES;
				CLANG_WARN__DUPLICATE_METHOD_MATCH = YES;
				CODE_SIGN_IDENTITY = "iPhone Developer";
				COPY_PHASE_STRIP = NO;
				DEBUG_INFORMATION_FORMAT = "dwarf-with-dsym";
				ENABLE_NS_ASSERTIONS = NO;
				ENABLE_STRICT_OBJC_MSGSEND = YES;
				GCC_C_LANGUAGE_STANDARD = gnu11;
				GCC_NO_COMMON_BLOCKS = YES;
				GCC_WARN_64_TO_32_BIT_CONVERSION = YES;
				GCC_WARN_ABOUT_RETURN_TYPE = YES_ERROR;
				GCC_WARN_UNDECLARED_SELECTOR = YES;
				GCC_WARN_UNINITIALIZED_AUTOS = YES_AGGRESSIVE;
				GCC_WARN_UNUSED_FUNCTION = YES;
				GCC_WARN_UNUSED_VARIABLE = YES;
				IPHONEOS_DEPLOYMENT_TARGET = 11.2;
				MTL_ENABLE_DEBUG_INFO = NO;
				SDKROOT = iphoneos;
				SWIFT_OPTIMIZATION_LEVEL = "-Owholemodule";
				VALIDATE_PRODUCT = YES;
			};
			name = Release;
		};
		3469645F1FD89B63000B8EF0 /* Debug */ = {
			isa = XCBuildConfiguration;
			buildSettings = {
				ASSETCATALOG_COMPILER_APPICON_NAME = AppIcon;
				CLANG_ENABLE_MODULES = YES;
				CODE_SIGN_STYLE = Automatic;
				DEVELOPMENT_TEAM = US5DTPYQ6L;
				INFOPLIST_FILE = ChatRoom/Info.plist;
				LD_RUNPATH_SEARCH_PATHS = "$(inherited) @executable_path/Frameworks";
				PRODUCT_BUNDLE_IDENTIFIER = com.opengarden.ChatRoom;
				PRODUCT_NAME = ChatRoom;
				SWIFT_OBJC_BRIDGING_HEADER = "ChatRoom/MyChat-Bridging-Header.h";
				SWIFT_OPTIMIZATION_LEVEL = "-Onone";
				SWIFT_VERSION = 4.0;
				TARGETED_DEVICE_FAMILY = "1,2";
			};
			name = Debug;
		};
		346964601FD89B63000B8EF0 /* Release */ = {
			isa = XCBuildConfiguration;
			buildSettings = {
				ASSETCATALOG_COMPILER_APPICON_NAME = AppIcon;
				CLANG_ENABLE_MODULES = YES;
				CODE_SIGN_STYLE = Automatic;
				DEVELOPMENT_TEAM = US5DTPYQ6L;
				INFOPLIST_FILE = ChatRoom/Info.plist;
				LD_RUNPATH_SEARCH_PATHS = "$(inherited) @executable_path/Frameworks";
				PRODUCT_BUNDLE_IDENTIFIER = com.opengarden.ChatRoom;
				PRODUCT_NAME = ChatRoom;
				SWIFT_OBJC_BRIDGING_HEADER = "ChatRoom/MyChat-Bridging-Header.h";
				SWIFT_VERSION = 4.0;
				TARGETED_DEVICE_FAMILY = "1,2";
			};
			name = Release;
		};
/* End XCBuildConfiguration section */

/* Begin XCConfigurationList section */
		346964471FD89B62000B8EF0 /* Build configuration list for PBXProject "ChatRoom" */ = {
			isa = XCConfigurationList;
			buildConfigurations = (
				3469645C1FD89B63000B8EF0 /* Debug */,
				3469645D1FD89B63000B8EF0 /* Release */,
			);
			defaultConfigurationIsVisible = 0;
			defaultConfigurationName = Release;
		};
		3469645E1FD89B63000B8EF0 /* Build configuration list for PBXNativeTarget "MyChat" */ = {
			isa = XCConfigurationList;
			buildConfigurations = (
				3469645F1FD89B63000B8EF0 /* Debug */,
				346964601FD89B63000B8EF0 /* Release */,
			);
			defaultConfigurationIsVisible = 0;
			defaultConfigurationName = Release;
		};
/* End XCConfigurationList section */
	};
	rootObject = 346964441FD89B62000B8EF0 /* Project object */;
}
